
Microsoft Visual Studio Solution File, Format Version 12.00
# Visual Studio Version 17
VisualStudioVersion = 17.10.34928.147
MinimumVisualStudioVersion = 10.0.40219.1
Project("{F184B08F-C81C-45F6-A57F-5ABD9991F28F}") = "Tool", "Tool.vbproj", "{EF70261B-3A3C-49A1-92CC-4D431A73D9A0}"
EndProject
Project("{FAE04EC0-301F-11D3-BF4B-00C04F79EFBC}") = "ImportTool", "..\ImportTool\ImportTool.csproj", "{5245FFD7-7148-4EFD-AF86-722635B83851}"
EndProject
Global
	GlobalSection(SolutionConfigurationPlatforms) = preSolution
		Debug|Any CPU = Debug|Any CPU
		Release|Any CPU = Release|Any CPU
	EndGlobalSection
	GlobalSection(ProjectConfigurationPlatforms) = postSolution
		{EF70261B-3A3C-49A1-92CC-4D431A73D9A0}.Debug|Any CPU.ActiveCfg = Debug|Any CPU
		{EF70261B-3A3C-49A1-92CC-4D431A73D9A0}.Debug|Any CPU.Build.0 = Debug|Any CPU
		{EF70261B-3A3C-49A1-92CC-4D431A73D9A0}.Release|Any CPU.ActiveCfg = Release|Any CPU
		{EF70261B-3A3C-49A1-92CC-4D431A73D9A0}.Release|Any CPU.Build.0 = Release|Any CPU
		{5245FFD7-7148-4EFD-AF86-722635B83851}.Debug|Any CPU.ActiveCfg = Debug|Any CPU
		{5245FFD7-7148-4EFD-AF86-722635B83851}.Debug|Any CPU.Build.0 = Debug|Any CPU
		{5245FFD7-7148-4EFD-AF86-722635B83851}.Release|Any CPU.ActiveCfg = Release|Any CPU
		{5245FFD7-7148-4EFD-AF86-722635B83851}.Release|Any CPU.Build.0 = Release|Any CPU
	EndGlobalSection
	GlobalSection(SolutionProperties) = preSolution
		HideSolutionNode = FALSE
	EndGlobalSection
	GlobalSection(ExtensibilityGlobals) = postSolution
		SolutionGuid = {F43F48C9-19C5-46AE-993B-5A2C5F582947}
	EndGlobalSection
EndGlobal
